{
  "name": "mattermost-webapp",
  "version": "5.36.0-0",
  "lockfileVersion": 2,
  "requires": true,
  "packages": {
    "../compass-components/lib": {
      "name": "@mattermost/compass-components",
      "version": "0.2.1",
      "extraneous": true,
      "license": "MIT",
      "dependencies": {
        "@mattermost/compass-icons": "^0.1.1-2",
        "@popperjs/core": "^2.9.2",
        "axios": "^0.21.1",
        "clsx": "^1.1.1",
        "color-blend": "^3.0.1",
        "lodash.kebabcase": "^4.1.1",
        "lodash.random": "^3.2.0",
        "lodash.upperfirst": "^4.3.1",
        "react-popper": "^2.2.5",
        "react-transition-group": "^4.4.2",
        "styled-components": "^5.2.1"
      },
      "engines": {
        "node": ">=14.0.0"
      },
      "peerDependencies": {
        "react": "16.13.1 || ^17.0.1",
        "react-dom": "16.13.1 || ^17.0.1"
      }
    }
  }
}
